// !$*UTF8*$!
{
	archiveVersion = 1;
	classes = {
	};
	objectVersion = 46;
	objects = {

/* Begin PBXAggregateTarget section */
		A7E5F9DB16FA367A00EB9F5D /* t */ = {
			isa = PBXAggregateTarget;
			buildConfigurationList = A7E5F9DC16FA367A00EB9F5D /* Build configuration list for PBXAggregateTarget "t" */;
			buildPhases = (
			);
			dependencies = (
			);
			name = t;
			productName = t;
		};
/* End PBXAggregateTarget section */

/* Begin PBXBuildFile section */
		A79F365116F60A4E00417329 /* Foundation.framework in Frameworks */ = {isa = PBXBuildFile; fileRef = A79F365016F60A4E00417329 /* Foundation.framework */; };
		A79F365616F60A4E00417329 /* ipod.h in CopyFiles */ = {isa = PBXBuildFile; fileRef = A79F365516F60A4E00417329 /* ipod.h */; };
		A79F365816F60A4E00417329 /* ipod.m in Sources */ = {isa = PBXBuildFile; fileRef = A79F365716F60A4E00417329 /* ipod.m */; };
		A79F366016F60A4E00417329 /* SenTestingKit.framework in Frameworks */ = {isa = PBXBuildFile; fileRef = A79F365F16F60A4E00417329 /* SenTestingKit.framework */; };
		A79F366216F60A4E00417329 /* UIKit.framework in Frameworks */ = {isa = PBXBuildFile; fileRef = A79F366116F60A4E00417329 /* UIKit.framework */; };
		A79F366316F60A4E00417329 /* Foundation.framework in Frameworks */ = {isa = PBXBuildFile; fileRef = A79F365016F60A4E00417329 /* Foundation.framework */; };
		A79F366616F60A4E00417329 /* libipod.a in Frameworks */ = {isa = PBXBuildFile; fileRef = A79F364D16F60A4E00417329 /* libipod.a */; };
		A79F366C16F60A4E00417329 /* InfoPlist.strings in Resources */ = {isa = PBXBuildFile; fileRef = A79F366A16F60A4E00417329 /* InfoPlist.strings */; };
		A79F366F16F60A4F00417329 /* ipodTests.m in Sources */ = {isa = PBXBuildFile; fileRef = A79F366E16F60A4F00417329 /* ipodTests.m */; };
		A7E5F9A216FA362000EB9F5D /* Foundation.framework in Frameworks */ = {isa = PBXBuildFile; fileRef = A79F365016F60A4E00417329 /* Foundation.framework */; };
		A7E5F9A716FA362000EB9F5D /* h.h in CopyFiles */ = {isa = PBXBuildFile; fileRef = A7E5F9A616FA362000EB9F5D /* h.h */; };
		A7E5F9A916FA362000EB9F5D /* h.m in Sources */ = {isa = PBXBuildFile; fileRef = A7E5F9A816FA362000EB9F5D /* h.m */; };
		A7E5F9B016FA362000EB9F5D /* SenTestingKit.framework in Frameworks */ = {isa = PBXBuildFile; fileRef = A79F365F16F60A4E00417329 /* SenTestingKit.framework */; };
		A7E5F9B116FA362000EB9F5D /* UIKit.framework in Frameworks */ = {isa = PBXBuildFile; fileRef = A79F366116F60A4E00417329 /* UIKit.framework */; };
		A7E5F9B216FA362000EB9F5D /* Foundation.framework in Frameworks */ = {isa = PBXBuildFile; fileRef = A79F365016F60A4E00417329 /* Foundation.framework */; };
		A7E5F9B516FA362000EB9F5D /* libh.a in Frameworks */ = {isa = PBXBuildFile; fileRef = A7E5F9A116FA362000EB9F5D /* libh.a */; };
		A7E5F9BB16FA362000EB9F5D /* InfoPlist.strings in Resources */ = {isa = PBXBuildFile; fileRef = A7E5F9B916FA362000EB9F5D /* InfoPlist.strings */; };
		A7E5F9BE16FA362000EB9F5D /* hTests.m in Sources */ = {isa = PBXBuildFile; fileRef = A7E5F9BD16FA362000EB9F5D /* hTests.m */; };
		A7E5F9CB16FA362F00EB9F5D /* SenTestingKit.framework in Frameworks */ = {isa = PBXBuildFile; fileRef = A79F365F16F60A4E00417329 /* SenTestingKit.framework */; };
		A7E5F9CC16FA362F00EB9F5D /* UIKit.framework in Frameworks */ = {isa = PBXBuildFile; fileRef = A79F366116F60A4E00417329 /* UIKit.framework */; };
		A7E5F9CD16FA362F00EB9F5D /* Foundation.framework in Frameworks */ = {isa = PBXBuildFile; fileRef = A79F365016F60A4E00417329 /* Foundation.framework */; };
		A7E5F9D316FA362F00EB9F5D /* InfoPlist.strings in Resources */ = {isa = PBXBuildFile; fileRef = A7E5F9D116FA362F00EB9F5D /* InfoPlist.strings */; };
		A7E5F9D616FA362F00EB9F5D /* test.m in Sources */ = {isa = PBXBuildFile; fileRef = A7E5F9D516FA362F00EB9F5D /* test.m */; };
		A7E5F9E516FA3BCF00EB9F5D /* InfoPlist.strings in Resources */ = {isa = PBXBuildFile; fileRef = A7E5F9E016FA3BCF00EB9F5D /* InfoPlist.strings */; };
		A7E5F9E616FA3BCF00EB9F5D /* frameTests-Info.plist in Resources */ = {isa = PBXBuildFile; fileRef = A7E5F9E216FA3BCF00EB9F5D /* frameTests-Info.plist */; };
		A7E5F9E716FA3BCF00EB9F5D /* frameTests.m in Sources */ = {isa = PBXBuildFile; fileRef = A7E5F9E416FA3BCF00EB9F5D /* frameTests.m */; };
		A7E5F9FD16FAB4BE00EB9F5D /* Cocoa.framework in Frameworks */ = {isa = PBXBuildFile; fileRef = A7E5F9FC16FAB4BE00EB9F5D /* Cocoa.framework */; };
		A7E5FA0716FAB4BE00EB9F5D /* InfoPlist.strings in Resources */ = {isa = PBXBuildFile; fileRef = A7E5FA0516FAB4BE00EB9F5D /* InfoPlist.strings */; };
		A7E5FA0B16FAB4BE00EB9F5D /* m.m in Sources */ = {isa = PBXBuildFile; fileRef = A7E5FA0A16FAB4BE00EB9F5D /* m.m */; };
		A7E5FA1216FAB4BE00EB9F5D /* SenTestingKit.framework in Frameworks */ = {isa = PBXBuildFile; fileRef = A79F365F16F60A4E00417329 /* SenTestingKit.framework */; };
		A7E5FA1316FAB4BE00EB9F5D /* Cocoa.framework in Frameworks */ = {isa = PBXBuildFile; fileRef = A7E5F9FC16FAB4BE00EB9F5D /* Cocoa.framework */; };
		A7E5FA1616FAB4BE00EB9F5D /* m.framework in Frameworks */ = {isa = PBXBuildFile; fileRef = A7E5F9FB16FAB4BD00EB9F5D /* m.framework */; };
		A7E5FA1C16FAB4BE00EB9F5D /* InfoPlist.strings in Resources */ = {isa = PBXBuildFile; fileRef = A7E5FA1A16FAB4BE00EB9F5D /* InfoPlist.strings */; };
		A7E5FA1F16FAB4BE00EB9F5D /* mTests.m in Sources */ = {isa = PBXBuildFile; fileRef = A7E5FA1E16FAB4BE00EB9F5D /* mTests.m */; };
/* End PBXBuildFile section */

/* Begin PBXBuildRule section */
		A79F367816F60B4800417329 /* PBXBuildRule */ = {
			isa = PBXBuildRule;
			compilerSpec = com.apple.compilers.proxy.script;
			fileType = text.plist;
			isEditable = 1;
			outputFiles = (
			);
			script = "# builtin-copyPlist\n";
		};
		A79F367916F60B4C00417329 /* PBXBuildRule */ = {
			isa = PBXBuildRule;
			compilerSpec = com.apple.compilers.proxy.script;
			fileType = text.plist;
			isEditable = 1;
			outputFiles = (
			);
			script = "# builtin-copyPlist\n";
		};
/* End PBXBuildRule section */

/* Begin PBXContainerItemProxy section */
		A79F366416F60A4E00417329 /* PBXContainerItemProxy */ = {
			isa = PBXContainerItemProxy;
			containerPortal = A79F364516F60A4E00417329 /* Project object */;
			proxyType = 1;
			remoteGlobalIDString = A79F364C16F60A4E00417329;
			remoteInfo = ipod;
		};
		A7E5F99216FA2F9F00EB9F5D /* PBXContainerItemProxy */ = {
			isa = PBXContainerItemProxy;
			containerPortal = A7E5F98D16FA2F9E00EB9F5D /* g.xcodeproj */;
			proxyType = 2;
			remoteGlobalIDString = A7E5F96216FA2F9E00EB9F5D;
			remoteInfo = g;
		};
		A7E5F99416FA2F9F00EB9F5D /* PBXContainerItemProxy */ = {
			isa = PBXContainerItemProxy;
			containerPortal = A7E5F98D16FA2F9E00EB9F5D /* g.xcodeproj */;
			proxyType = 2;
			remoteGlobalIDString = A7E5F97316FA2F9E00EB9F5D;
			remoteInfo = gTests;
		};
		A7E5F9B316FA362000EB9F5D /* PBXContainerItemProxy */ = {
			isa = PBXContainerItemProxy;
			containerPortal = A79F364516F60A4E00417329 /* Project object */;
			proxyType = 1;
			remoteGlobalIDString = A7E5F9A016FA362000EB9F5D;
			remoteInfo = h;
		};
		A7E5FA1416FAB4BE00EB9F5D /* PBXContainerItemProxy */ = {
			isa = PBXContainerItemProxy;
			containerPortal = A79F364516F60A4E00417329 /* Project object */;
			proxyType = 1;
			remoteGlobalIDString = A7E5F9FA16FAB4BD00EB9F5D;
			remoteInfo = m;
		};
		A7E5FA2116FAB4BE00EB9F5D /* PBXContainerItemProxy */ = {
			isa = PBXContainerItemProxy;
			containerPortal = A7E5F98D16FA2F9E00EB9F5D /* g.xcodeproj */;
			proxyType = 2;
			remoteGlobalIDString = A7E5F9ED16FAB4AD00EB9F5D;
			remoteInfo = to;
		};
/* End PBXContainerItemProxy section */

/* Begin PBXCopyFilesBuildPhase section */
		A79F364B16F60A4E00417329 /* CopyFiles */ = {
			isa = PBXCopyFilesBuildPhase;
			buildActionMask = 2147483647;
			dstPath = "include/${PRODUCT_NAME}";
			dstSubfolderSpec = 16;
			files = (
				A79F365616F60A4E00417329 /* ipod.h in CopyFiles */,
			);
			runOnlyForDeploymentPostprocessing = 0;
		};
		A7E5F99F16FA362000EB9F5D /* CopyFiles */ = {
			isa = PBXCopyFilesBuildPhase;
			buildActionMask = 2147483647;
			dstPath = "include/${PRODUCT_NAME}";
			dstSubfolderSpec = 16;
			files = (
				A7E5F9A716FA362000EB9F5D /* h.h in CopyFiles */,
			);
			runOnlyForDeploymentPostprocessing = 0;
		};
/* End PBXCopyFilesBuildPhase section */

/* Begin PBXFileReference section */
		A79F364D16F60A4E00417329 /* libipod.a */ = {isa = PBXFileReference; explicitFileType = archive.ar; includeInIndex = 0; path = libipod.a; sourceTree = BUILT_PRODUCTS_DIR; };
		A79F365016F60A4E00417329 /* Foundation.framework */ = {isa = PBXFileReference; lastKnownFileType = wrapper.framework; name = Foundation.framework; path = System/Library/Frameworks/Foundation.framework; sourceTree = SDKROOT; };
		A79F365416F60A4E00417329 /* ipod-Prefix.pch */ = {isa = PBXFileReference; lastKnownFileType = sourcecode.c.h; path = "ipod-Prefix.pch"; sourceTree = "<group>"; };
		A79F365516F60A4E00417329 /* ipod.h */ = {isa = PBXFileReference; lastKnownFileType = sourcecode.c.h; path = ipod.h; sourceTree = "<group>"; };
		A79F365716F60A4E00417329 /* ipod.m */ = {isa = PBXFileReference; lastKnownFileType = sourcecode.c.objc; path = ipod.m; sourceTree = "<group>"; };
		A79F365E16F60A4E00417329 /* ipodTests.octest */ = {isa = PBXFileReference; explicitFileType = wrapper.cfbundle; includeInIndex = 0; path = ipodTests.octest; sourceTree = BUILT_PRODUCTS_DIR; };
		A79F365F16F60A4E00417329 /* SenTestingKit.framework */ = {isa = PBXFileReference; lastKnownFileType = wrapper.framework; name = SenTestingKit.framework; path = Library/Frameworks/SenTestingKit.framework; sourceTree = DEVELOPER_DIR; };
		A79F366116F60A4E00417329 /* UIKit.framework */ = {isa = PBXFileReference; lastKnownFileType = wrapper.framework; name = UIKit.framework; path = Library/Frameworks/UIKit.framework; sourceTree = DEVELOPER_DIR; };
		A79F366916F60A4E00417329 /* ipodTests-Info.plist */ = {isa = PBXFileReference; lastKnownFileType = text.plist.xml; path = "ipodTests-Info.plist"; sourceTree = "<group>"; };
		A79F366B16F60A4E00417329 /* en */ = {isa = PBXFileReference; lastKnownFileType = text.plist.strings; name = en; path = en.lproj/InfoPlist.strings; sourceTree = "<group>"; };
		A79F366D16F60A4E00417329 /* ipodTests.h */ = {isa = PBXFileReference; lastKnownFileType = sourcecode.c.h; path = ipodTests.h; sourceTree = "<group>"; };
		A79F366E16F60A4F00417329 /* ipodTests.m */ = {isa = PBXFileReference; lastKnownFileType = sourcecode.c.objc; path = ipodTests.m; sourceTree = "<group>"; };
		A7E5F98D16FA2F9E00EB9F5D /* g.xcodeproj */ = {isa = PBXFileReference; lastKnownFileType = "wrapper.pb-project"; name = g.xcodeproj; path = g/g.xcodeproj; sourceTree = "<group>"; };
		A7E5F9A116FA362000EB9F5D /* libh.a */ = {isa = PBXFileReference; explicitFileType = archive.ar; includeInIndex = 0; path = libh.a; sourceTree = BUILT_PRODUCTS_DIR; };
		A7E5F9A516FA362000EB9F5D /* h-Prefix.pch */ = {isa = PBXFileReference; lastKnownFileType = sourcecode.c.h; path = "h-Prefix.pch"; sourceTree = "<group>"; };
		A7E5F9A616FA362000EB9F5D /* h.h */ = {isa = PBXFileReference; lastKnownFileType = sourcecode.c.h; path = h.h; sourceTree = "<group>"; };
		A7E5F9A816FA362000EB9F5D /* h.m */ = {isa = PBXFileReference; lastKnownFileType = sourcecode.c.objc; path = h.m; sourceTree = "<group>"; };
		A7E5F9AF16FA362000EB9F5D /* hTests.octest */ = {isa = PBXFileReference; explicitFileType = wrapper.cfbundle; includeInIndex = 0; path = hTests.octest; sourceTree = BUILT_PRODUCTS_DIR; };
		A7E5F9B816FA362000EB9F5D /* hTests-Info.plist */ = {isa = PBXFileReference; lastKnownFileType = text.plist.xml; path = "hTests-Info.plist"; sourceTree = "<group>"; };
		A7E5F9BA16FA362000EB9F5D /* en */ = {isa = PBXFileReference; lastKnownFileType = text.plist.strings; name = en; path = en.lproj/InfoPlist.strings; sourceTree = "<group>"; };
		A7E5F9BC16FA362000EB9F5D /* hTests.h */ = {isa = PBXFileReference; lastKnownFileType = sourcecode.c.h; path = hTests.h; sourceTree = "<group>"; };
		A7E5F9BD16FA362000EB9F5D /* hTests.m */ = {isa = PBXFileReference; lastKnownFileType = sourcecode.c.objc; path = hTests.m; sourceTree = "<group>"; };
		A7E5F9CA16FA362F00EB9F5D /* test.octest */ = {isa = PBXFileReference; explicitFileType = wrapper.cfbundle; includeInIndex = 0; path = test.octest; sourceTree = BUILT_PRODUCTS_DIR; };
		A7E5F9D016FA362F00EB9F5D /* test-Info.plist */ = {isa = PBXFileReference; lastKnownFileType = text.plist.xml; path = "test-Info.plist"; sourceTree = "<group>"; };
		A7E5F9D216FA362F00EB9F5D /* en */ = {isa = PBXFileReference; lastKnownFileType = text.plist.strings; name = en; path = en.lproj/InfoPlist.strings; sourceTree = "<group>"; };
		A7E5F9D416FA362F00EB9F5D /* test.h */ = {isa = PBXFileReference; lastKnownFileType = sourcecode.c.h; path = test.h; sourceTree = "<group>"; };
		A7E5F9D516FA362F00EB9F5D /* test.m */ = {isa = PBXFileReference; lastKnownFileType = sourcecode.c.objc; path = test.m; sourceTree = "<group>"; };
		A7E5F9D716FA362F00EB9F5D /* test-Prefix.pch */ = {isa = PBXFileReference; lastKnownFileType = sourcecode.c.h; path = "test-Prefix.pch"; sourceTree = "<group>"; };
		A7E5F9E116FA3BCF00EB9F5D /* en */ = {isa = PBXFileReference; lastKnownFileType = text.plist.strings; name = en; path = en.lproj/InfoPlist.strings; sourceTree = "<group>"; };
		A7E5F9E216FA3BCF00EB9F5D /* frameTests-Info.plist */ = {isa = PBXFileReference; fileEncoding = 4; lastKnownFileType = text.plist.xml; path = "frameTests-Info.plist"; sourceTree = "<group>"; };
		A7E5F9E316FA3BCF00EB9F5D /* frameTests.h */ = {isa = PBXFileReference; fileEncoding = 4; lastKnownFileType = sourcecode.c.h; path = frameTests.h; sourceTree = "<group>"; };
		A7E5F9E416FA3BCF00EB9F5D /* frameTests.m */ = {isa = PBXFileReference; fileEncoding = 4; lastKnownFileType = sourcecode.c.objc; path = frameTests.m; sourceTree = "<group>"; };
		A7E5F9FB16FAB4BD00EB9F5D /* m.framework */ = {isa = PBXFileReference; explicitFileType = wrapper.framework; includeInIndex = 0; path = m.framework; sourceTree = BUILT_PRODUCTS_DIR; };
		A7E5F9FC16FAB4BE00EB9F5D /* Cocoa.framework */ = {isa = PBXFileReference; lastKnownFileType = wrapper.framework; name = Cocoa.framework; path = Library/Frameworks/Cocoa.framework; sourceTree = DEVELOPER_DIR; };
		A7E5F9FF16FAB4BE00EB9F5D /* AppKit.framework */ = {isa = PBXFileReference; lastKnownFileType = wrapper.framework; name = AppKit.framework; path = Library/Frameworks/AppKit.framework; sourceTree = SDKROOT; };
		A7E5FA0016FAB4BE00EB9F5D /* CoreData.framework */ = {isa = PBXFileReference; lastKnownFileType = wrapper.framework; name = CoreData.framework; path = Library/Frameworks/CoreData.framework; sourceTree = SDKROOT; };
		A7E5FA0116FAB4BE00EB9F5D /* Foundation.framework */ = {isa = PBXFileReference; lastKnownFileType = wrapper.framework; name = Foundation.framework; path = Library/Frameworks/Foundation.framework; sourceTree = SDKROOT; };
		A7E5FA0416FAB4BE00EB9F5D /* m-Info.plist */ = {isa = PBXFileReference; lastKnownFileType = text.plist.xml; path = "m-Info.plist"; sourceTree = "<group>"; };
		A7E5FA0616FAB4BE00EB9F5D /* en */ = {isa = PBXFileReference; lastKnownFileType = text.plist.strings; name = en; path = en.lproj/InfoPlist.strings; sourceTree = "<group>"; };
		A7E5FA0816FAB4BE00EB9F5D /* m-Prefix.pch */ = {isa = PBXFileReference; lastKnownFileType = sourcecode.c.h; path = "m-Prefix.pch"; sourceTree = "<group>"; };
		A7E5FA0916FAB4BE00EB9F5D /* m.h */ = {isa = PBXFileReference; lastKnownFileType = sourcecode.c.h; path = m.h; sourceTree = "<group>"; };
		A7E5FA0A16FAB4BE00EB9F5D /* m.m */ = {isa = PBXFileReference; lastKnownFileType = sourcecode.c.objc; path = m.m; sourceTree = "<group>"; };
		A7E5FA1116FAB4BE00EB9F5D /* mTests.octest */ = {isa = PBXFileReference; explicitFileType = wrapper.cfbundle; includeInIndex = 0; path = mTests.octest; sourceTree = BUILT_PRODUCTS_DIR; };
		A7E5FA1916FAB4BE00EB9F5D /* mTests-Info.plist */ = {isa = PBXFileReference; lastKnownFileType = text.plist.xml; path = "mTests-Info.plist"; sourceTree = "<group>"; };
		A7E5FA1B16FAB4BE00EB9F5D /* en */ = {isa = PBXFileReference; lastKnownFileType = text.plist.strings; name = en; path = en.lproj/InfoPlist.strings; sourceTree = "<group>"; };
		A7E5FA1D16FAB4BE00EB9F5D /* mTests.h */ = {isa = PBXFileReference; lastKnownFileType = sourcecode.c.h; path = mTests.h; sourceTree = "<group>"; };
		A7E5FA1E16FAB4BE00EB9F5D /* mTests.m */ = {isa = PBXFileReference; lastKnownFileType = sourcecode.c.objc; path = mTests.m; sourceTree = "<group>"; };
/* End PBXFileReference section */

/* Begin PBXFrameworksBuildPhase section */
		A79F364A16F60A4E00417329 /* Frameworks */ = {
			isa = PBXFrameworksBuildPhase;
			buildActionMask = 2147483647;
			files = (
				A79F365116F60A4E00417329 /* Foundation.framework in Frameworks */,
			);
			runOnlyForDeploymentPostprocessing = 0;
		};
		A79F365A16F60A4E00417329 /* Frameworks */ = {
			isa = PBXFrameworksBuildPhase;
			buildActionMask = 2147483647;
			files = (
				A79F366016F60A4E00417329 /* SenTestingKit.framework in Frameworks */,
				A79F366216F60A4E00417329 /* UIKit.framework in Frameworks */,
				A79F366316F60A4E00417329 /* Foundation.framework in Frameworks */,
				A79F366616F60A4E00417329 /* libipod.a in Frameworks */,
			);
			runOnlyForDeploymentPostprocessing = 0;
		};
		A7E5F99E16FA362000EB9F5D /* Frameworks */ = {
			isa = PBXFrameworksBuildPhase;
			buildActionMask = 2147483647;
			files = (
				A7E5F9A216FA362000EB9F5D /* Foundation.framework in Frameworks */,
			);
			runOnlyForDeploymentPostprocessing = 0;
		};
		A7E5F9AB16FA362000EB9F5D /* Frameworks */ = {
			isa = PBXFrameworksBuildPhase;
			buildActionMask = 2147483647;
			files = (
				A7E5F9B016FA362000EB9F5D /* SenTestingKit.framework in Frameworks */,
				A7E5F9B116FA362000EB9F5D /* UIKit.framework in Frameworks */,
				A7E5F9B216FA362000EB9F5D /* Foundation.framework in Frameworks */,
				A7E5F9B516FA362000EB9F5D /* libh.a in Frameworks */,
			);
			runOnlyForDeploymentPostprocessing = 0;
		};
		A7E5F9C616FA362F00EB9F5D /* Frameworks */ = {
			isa = PBXFrameworksBuildPhase;
			buildActionMask = 2147483647;
			files = (
				A7E5F9CB16FA362F00EB9F5D /* SenTestingKit.framework in Frameworks */,
				A7E5F9CC16FA362F00EB9F5D /* UIKit.framework in Frameworks */,
				A7E5F9CD16FA362F00EB9F5D /* Foundation.framework in Frameworks */,
			);
			runOnlyForDeploymentPostprocessing = 0;
		};
		A7E5F9F716FAB4BD00EB9F5D /* Frameworks */ = {
			isa = PBXFrameworksBuildPhase;
			buildActionMask = 2147483647;
			files = (
				A7E5F9FD16FAB4BE00EB9F5D /* Cocoa.framework in Frameworks */,
			);
			runOnlyForDeploymentPostprocessing = 0;
		};
		A7E5FA0D16FAB4BE00EB9F5D /* Frameworks */ = {
			isa = PBXFrameworksBuildPhase;
			buildActionMask = 2147483647;
			files = (
				A7E5FA1216FAB4BE00EB9F5D /* SenTestingKit.framework in Frameworks */,
				A7E5FA1316FAB4BE00EB9F5D /* Cocoa.framework in Frameworks */,
				A7E5FA1616FAB4BE00EB9F5D /* m.framework in Frameworks */,
			);
			runOnlyForDeploymentPostprocessing = 0;
		};
/* End PBXFrameworksBuildPhase section */

/* Begin PBXGroup section */
		A79F364416F60A4E00417329 = {
			isa = PBXGroup;
			children = (
				A79F365216F60A4E00417329 /* ipod */,
				A79F366716F60A4E00417329 /* ipodTests */,
				A7E5F9A316FA362000EB9F5D /* h */,
				A7E5F9B616FA362000EB9F5D /* hTests */,
				A7E5F9CE16FA362F00EB9F5D /* test */,
				A7E5FA0216FAB4BE00EB9F5D /* m */,
				A7E5FA1716FAB4BE00EB9F5D /* mTests */,
				A79F364F16F60A4E00417329 /* Frameworks */,
				A79F364E16F60A4E00417329 /* Products */,
			);
			sourceTree = "<group>";
		};
		A79F364E16F60A4E00417329 /* Products */ = {
			isa = PBXGroup;
			children = (
				A79F364D16F60A4E00417329 /* libipod.a */,
				A79F365E16F60A4E00417329 /* ipodTests.octest */,
				A7E5F9A116FA362000EB9F5D /* libh.a */,
				A7E5F9AF16FA362000EB9F5D /* hTests.octest */,
				A7E5F9CA16FA362F00EB9F5D /* test.octest */,
				A7E5F9FB16FAB4BD00EB9F5D /* m.framework */,
				A7E5FA1116FAB4BE00EB9F5D /* mTests.octest */,
			);
			name = Products;
			sourceTree = "<group>";
		};
		A79F364F16F60A4E00417329 /* Frameworks */ = {
			isa = PBXGroup;
			children = (
				A79F365016F60A4E00417329 /* Foundation.framework */,
				A79F365F16F60A4E00417329 /* SenTestingKit.framework */,
				A79F366116F60A4E00417329 /* UIKit.framework */,
				A7E5F98D16FA2F9E00EB9F5D /* g.xcodeproj */,
				A7E5F9FC16FAB4BE00EB9F5D /* Cocoa.framework */,
				A7E5F9FE16FAB4BE00EB9F5D /* Other Frameworks */,
			);
			name = Frameworks;
			sourceTree = "<group>";
		};
		A79F365216F60A4E00417329 /* ipod */ = {
			isa = PBXGroup;
			children = (
				A79F365516F60A4E00417329 /* ipod.h */,
				A79F365716F60A4E00417329 /* ipod.m */,
				A79F365316F60A4E00417329 /* Supporting Files */,
			);
			path = ipod;
			sourceTree = "<group>";
		};
		A79F365316F60A4E00417329 /* Supporting Files */ = {
			isa = PBXGroup;
			children = (
				A79F365416F60A4E00417329 /* ipod-Prefix.pch */,
			);
			name = "Supporting Files";
			sourceTree = "<group>";
		};
		A79F366716F60A4E00417329 /* ipodTests */ = {
			isa = PBXGroup;
			children = (
				A79F366D16F60A4E00417329 /* ipodTests.h */,
				A79F366E16F60A4F00417329 /* ipodTests.m */,
				A7E5F9DF16FA3BCF00EB9F5D /* frameTests */,
				A79F366816F60A4E00417329 /* Supporting Files */,
			);
			path = ipodTests;
			sourceTree = "<group>";
		};
		A79F366816F60A4E00417329 /* Supporting Files */ = {
			isa = PBXGroup;
			children = (
				A79F366916F60A4E00417329 /* ipodTests-Info.plist */,
				A79F366A16F60A4E00417329 /* InfoPlist.strings */,
			);
			name = "Supporting Files";
			sourceTree = "<group>";
		};
		A7E5F98E16FA2F9E00EB9F5D /* Products */ = {
			isa = PBXGroup;
			children = (
				A7E5F99316FA2F9F00EB9F5D /* libg.a */,
				A7E5F99516FA2F9F00EB9F5D /* gTests.octest */,
				A7E5FA2216FAB4BE00EB9F5D /* to */,
			);
			name = Products;
			sourceTree = "<group>";
		};
		A7E5F9A316FA362000EB9F5D /* h */ = {
			isa = PBXGroup;
			children = (
				A7E5F9A616FA362000EB9F5D /* h.h */,
				A7E5F9A816FA362000EB9F5D /* h.m */,
				A7E5F9A416FA362000EB9F5D /* Supporting Files */,
			);
			path = h;
			sourceTree = "<group>";
		};
		A7E5F9A416FA362000EB9F5D /* Supporting Files */ = {
			isa = PBXGroup;
			children = (
				A7E5F9A516FA362000EB9F5D /* h-Prefix.pch */,
			);
			name = "Supporting Files";
			sourceTree = "<group>";
		};
		A7E5F9B616FA362000EB9F5D /* hTests */ = {
			isa = PBXGroup;
			children = (
				A7E5F9BC16FA362000EB9F5D /* hTests.h */,
				A7E5F9BD16FA362000EB9F5D /* hTests.m */,
				A7E5F9B716FA362000EB9F5D /* Supporting Files */,
			);
			path = hTests;
			sourceTree = "<group>";
		};
		A7E5F9B716FA362000EB9F5D /* Supporting Files */ = {
			isa = PBXGroup;
			children = (
				A7E5F9B816FA362000EB9F5D /* hTests-Info.plist */,
				A7E5F9B916FA362000EB9F5D /* InfoPlist.strings */,
			);
			name = "Supporting Files";
			sourceTree = "<group>";
		};
		A7E5F9CE16FA362F00EB9F5D /* test */ = {
			isa = PBXGroup;
			children = (
				A7E5F9D416FA362F00EB9F5D /* test.h */,
				A7E5F9D516FA362F00EB9F5D /* test.m */,
				A7E5F9CF16FA362F00EB9F5D /* Supporting Files */,
			);
			path = test;
			sourceTree = "<group>";
		};
		A7E5F9CF16FA362F00EB9F5D /* Supporting Files */ = {
			isa = PBXGroup;
			children = (
				A7E5F9D016FA362F00EB9F5D /* test-Info.plist */,
				A7E5F9D116FA362F00EB9F5D /* InfoPlist.strings */,
				A7E5F9D716FA362F00EB9F5D /* test-Prefix.pch */,
			);
			name = "Supporting Files";
			sourceTree = "<group>";
		};
		A7E5F9DF16FA3BCF00EB9F5D /* frameTests */ = {
			isa = PBXGroup;
			children = (
				A7E5F9E016FA3BCF00EB9F5D /* InfoPlist.strings */,
				A7E5F9E216FA3BCF00EB9F5D /* frameTests-Info.plist */,
				A7E5F9E316FA3BCF00EB9F5D /* frameTests.h */,
				A7E5F9E416FA3BCF00EB9F5D /* frameTests.m */,
			);
			name = frameTests;
			path = ../../../../../Downloads/SimpleDrillDown/frameTests;
			sourceTree = "<group>";
		};
		A7E5F9FE16FAB4BE00EB9F5D /* Other Frameworks */ = {
			isa = PBXGroup;
			children = (
				A7E5F9FF16FAB4BE00EB9F5D /* AppKit.framework */,
				A7E5FA0016FAB4BE00EB9F5D /* CoreData.framework */,
				A7E5FA0116FAB4BE00EB9F5D /* Foundation.framework */,
			);
			name = "Other Frameworks";
			sourceTree = "<group>";
		};
		A7E5FA0216FAB4BE00EB9F5D /* m */ = {
			isa = PBXGroup;
			children = (
				A7E5FA0916FAB4BE00EB9F5D /* m.h */,
				A7E5FA0A16FAB4BE00EB9F5D /* m.m */,
				A7E5FA0316FAB4BE00EB9F5D /* Supporting Files */,
			);
			path = m;
			sourceTree = "<group>";
		};
		A7E5FA0316FAB4BE00EB9F5D /* Supporting Files */ = {
			isa = PBXGroup;
			children = (
				A7E5FA0416FAB4BE00EB9F5D /* m-Info.plist */,
				A7E5FA0516FAB4BE00EB9F5D /* InfoPlist.strings */,
				A7E5FA0816FAB4BE00EB9F5D /* m-Prefix.pch */,
			);
			name = "Supporting Files";
			sourceTree = "<group>";
		};
		A7E5FA1716FAB4BE00EB9F5D /* mTests */ = {
			isa = PBXGroup;
			children = (
				A7E5FA1D16FAB4BE00EB9F5D /* mTests.h */,
				A7E5FA1E16FAB4BE00EB9F5D /* mTests.m */,
				A7E5FA1816FAB4BE00EB9F5D /* Supporting Files */,
			);
			path = mTests;
			sourceTree = "<group>";
		};
		A7E5FA1816FAB4BE00EB9F5D /* Supporting Files */ = {
			isa = PBXGroup;
			children = (
				A7E5FA1916FAB4BE00EB9F5D /* mTests-Info.plist */,
				A7E5FA1A16FAB4BE00EB9F5D /* InfoPlist.strings */,
			);
			name = "Supporting Files";
			sourceTree = "<group>";
		};
/* End PBXGroup section */

/* Begin PBXHeadersBuildPhase section */
		A7E5F9F816FAB4BD00EB9F5D /* Headers */ = {
			isa = PBXHeadersBuildPhase;
			buildActionMask = 2147483647;
			files = (
			);
			runOnlyForDeploymentPostprocessing = 0;
		};
/* End PBXHeadersBuildPhase section */

/* Begin PBXNativeTarget section */
		A79F364C16F60A4E00417329 /* ipod */ = {
			isa = PBXNativeTarget;
			buildConfigurationList = A79F367216F60A4F00417329 /* Build configuration list for PBXNativeTarget "ipod" */;
			buildPhases = (
				A79F364916F60A4E00417329 /* Sources */,
				A79F364A16F60A4E00417329 /* Frameworks */,
				A79F364B16F60A4E00417329 /* CopyFiles */,
			);
			buildRules = (
				A79F367916F60B4C00417329 /* PBXBuildRule */,
				A79F367816F60B4800417329 /* PBXBuildRule */,
			);
			dependencies = (
			);
			name = ipod;
			productName = ipod;
			productReference = A79F364D16F60A4E00417329 /* libipod.a */;
			productType = "com.apple.product-type.library.static";
		};
		A79F365D16F60A4E00417329 /* ipodTests */ = {
			isa = PBXNativeTarget;
			buildConfigurationList = A79F367516F60A4F00417329 /* Build configuration list for PBXNativeTarget "ipodTests" */;
			buildPhases = (
				A79F365916F60A4E00417329 /* Sources */,
				A79F365A16F60A4E00417329 /* Frameworks */,
				A79F365B16F60A4E00417329 /* Resources */,
				A79F365C16F60A4E00417329 /* ShellScript */,
			);
			buildRules = (
			);
			dependencies = (
				A79F366516F60A4E00417329 /* PBXTargetDependency */,
			);
			name = ipodTests;
			productName = ipodTests;
			productReference = A79F365E16F60A4E00417329 /* ipodTests.octest */;
			productType = "com.apple.product-type.bundle";
		};
		A7E5F9A016FA362000EB9F5D /* h */ = {
			isa = PBXNativeTarget;
			buildConfigurationList = A7E5F9BF16FA362000EB9F5D /* Build configuration list for PBXNativeTarget "h" */;
			buildPhases = (
				A7E5F99D16FA362000EB9F5D /* Sources */,
				A7E5F99E16FA362000EB9F5D /* Frameworks */,
				A7E5F99F16FA362000EB9F5D /* CopyFiles */,
			);
			buildRules = (
			);
			dependencies = (
			);
			name = h;
			productName = h;
			productReference = A7E5F9A116FA362000EB9F5D /* libh.a */;
			productType = "com.apple.product-type.library.static";
		};
		A7E5F9AE16FA362000EB9F5D /* hTests */ = {
			isa = PBXNativeTarget;
			buildConfigurationList = A7E5F9C216FA362000EB9F5D /* Build configuration list for PBXNativeTarget "hTests" */;
			buildPhases = (
				A7E5F9AA16FA362000EB9F5D /* Sources */,
				A7E5F9AB16FA362000EB9F5D /* Frameworks */,
				A7E5F9AC16FA362000EB9F5D /* Resources */,
				A7E5F9AD16FA362000EB9F5D /* ShellScript */,
			);
			buildRules = (
			);
			dependencies = (
				A7E5F9B416FA362000EB9F5D /* PBXTargetDependency */,
			);
			name = hTests;
			productName = hTests;
			productReference = A7E5F9AF16FA362000EB9F5D /* hTests.octest */;
			productType = "com.apple.product-type.bundle";
		};
		A7E5F9C916FA362F00EB9F5D /* test */ = {
			isa = PBXNativeTarget;
			buildConfigurationList = A7E5F9D816FA362F00EB9F5D /* Build configuration list for PBXNativeTarget "test" */;
			buildPhases = (
				A7E5F9C516FA362F00EB9F5D /* Sources */,
				A7E5F9C616FA362F00EB9F5D /* Frameworks */,
				A7E5F9C716FA362F00EB9F5D /* Resources */,
				A7E5F9C816FA362F00EB9F5D /* ShellScript */,
			);
			buildRules = (
			);
			dependencies = (
			);
			name = test;
			productName = test;
			productReference = A7E5F9CA16FA362F00EB9F5D /* test.octest */;
			productType = "com.apple.product-type.bundle";
		};
		A7E5F9FA16FAB4BD00EB9F5D /* m */ = {
			isa = PBXNativeTarget;
			buildConfigurationList = A7E5FA2316FAB4BE00EB9F5D /* Build configuration list for PBXNativeTarget "m" */;
			buildPhases = (
				A7E5F9F616FAB4BD00EB9F5D /* Sources */,
				A7E5F9F716FAB4BD00EB9F5D /* Frameworks */,
				A7E5F9F816FAB4BD00EB9F5D /* Headers */,
				A7E5F9F916FAB4BD00EB9F5D /* Resources */,
			);
			buildRules = (
			);
			dependencies = (
			);
			name = m;
			productName = m;
			productReference = A7E5F9FB16FAB4BD00EB9F5D /* m.framework */;
			productType = "com.apple.product-type.framework";
		};
		A7E5FA1016FAB4BE00EB9F5D /* mTests */ = {
			isa = PBXNativeTarget;
			buildConfigurationList = A7E5FA2616FAB4BE00EB9F5D /* Build configuration list for PBXNativeTarget "mTests" */;
			buildPhases = (
				A7E5FA0C16FAB4BE00EB9F5D /* Sources */,
				A7E5FA0D16FAB4BE00EB9F5D /* Frameworks */,
				A7E5FA0E16FAB4BE00EB9F5D /* Resources */,
				A7E5FA0F16FAB4BE00EB9F5D /* ShellScript */,
				A7E5FA2916FAB50500EB9F5D /* ShellScript */,
			);
			buildRules = (
			);
			dependencies = (
				A7E5FA1516FAB4BE00EB9F5D /* PBXTargetDependency */,
			);
			name = mTests;
			productName = mTests;
			productReference = A7E5FA1116FAB4BE00EB9F5D /* mTests.octest */;
			productType = "com.apple.product-type.bundle";
		};
/* End PBXNativeTarget section */

/* Begin PBXProject section */
		A79F364516F60A4E00417329 /* Project object */ = {
			isa = PBXProject;
			attributes = {
				LastUpgradeCheck = 0460;
				ORGANIZATIONNAME = "Danny Nguyen";
			};
			buildConfigurationList = A79F364816F60A4E00417329 /* Build configuration list for PBXProject "ipod copy" */;
			compatibilityVersion = "Xcode 3.2";
			developmentRegion = English;
			hasScannedForEncodings = 0;
			knownRegions = (
				en,
			);
			mainGroup = A79F364416F60A4E00417329;
			productRefGroup = A79F364E16F60A4E00417329 /* Products */;
			projectDirPath = "";
			projectReferences = (
				{
					ProductGroup = A7E5F98E16FA2F9E00EB9F5D /* Products */;
					ProjectRef = A7E5F98D16FA2F9E00EB9F5D /* g.xcodeproj */;
				},
			);
			projectRoot = "";
			targets = (
				A79F364C16F60A4E00417329 /* ipod */,
				A79F365D16F60A4E00417329 /* ipodTests */,
				A7E5F9A016FA362000EB9F5D /* h */,
				A7E5F9AE16FA362000EB9F5D /* hTests */,
				A7E5F9C916FA362F00EB9F5D /* test */,
				A7E5F9DB16FA367A00EB9F5D /* t */,
				A7E5F9FA16FAB4BD00EB9F5D /* m */,
				A7E5FA1016FAB4BE00EB9F5D /* mTests */,
			);
		};
/* End PBXProject section */

/* Begin PBXReferenceProxy section */
		A7E5F99316FA2F9F00EB9F5D /* libg.a */ = {
			isa = PBXReferenceProxy;
			fileType = archive.ar;
			path = libg.a;
			remoteRef = A7E5F99216FA2F9F00EB9F5D /* PBXContainerItemProxy */;
			sourceTree = BUILT_PRODUCTS_DIR;
		};
		A7E5F99516FA2F9F00EB9F5D /* gTests.octest */ = {
			isa = PBXReferenceProxy;
			fileType = wrapper.cfbundle;
			path = gTests.octest;
			remoteRef = A7E5F99416FA2F9F00EB9F5D /* PBXContainerItemProxy */;
			sourceTree = BUILT_PRODUCTS_DIR;
		};
		A7E5FA2216FAB4BE00EB9F5D /* to */ = {
			isa = PBXReferenceProxy;
			fileType = "compiled.mach-o.executable";
			path = to;
			remoteRef = A7E5FA2116FAB4BE00EB9F5D /* PBXContainerItemProxy */;
			sourceTree = BUILT_PRODUCTS_DIR;
		};
/* End PBXReferenceProxy section */

/* Begin PBXResourcesBuildPhase section */
		A79F365B16F60A4E00417329 /* Resources */ = {
			isa = PBXResourcesBuildPhase;
			buildActionMask = 2147483647;
			files = (
				A79F366C16F60A4E00417329 /* InfoPlist.strings in Resources */,
				A7E5F9E516FA3BCF00EB9F5D /* InfoPlist.strings in Resources */,
				A7E5F9E616FA3BCF00EB9F5D /* frameTests-Info.plist in Resources */,
			);
			runOnlyForDeploymentPostprocessing = 0;
		};
		A7E5F9AC16FA362000EB9F5D /* Resources */ = {
			isa = PBXResourcesBuildPhase;
			buildActionMask = 2147483647;
			files = (
				A7E5F9BB16FA362000EB9F5D /* InfoPlist.strings in Resources */,
			);
			runOnlyForDeploymentPostprocessing = 0;
		};
		A7E5F9C716FA362F00EB9F5D /* Resources */ = {
			isa = PBXResourcesBuildPhase;
			buildActionMask = 2147483647;
			files = (
				A7E5F9D316FA362F00EB9F5D /* InfoPlist.strings in Resources */,
			);
			runOnlyForDeploymentPostprocessing = 0;
		};
		A7E5F9F916FAB4BD00EB9F5D /* Resources */ = {
			isa = PBXResourcesBuildPhase;
			buildActionMask = 2147483647;
			files = (
				A7E5FA0716FAB4BE00EB9F5D /* InfoPlist.strings in Resources */,
			);
			runOnlyForDeploymentPostprocessing = 0;
		};
		A7E5FA0E16FAB4BE00EB9F5D /* Resources */ = {
			isa = PBXResourcesBuildPhase;
			buildActionMask = 2147483647;
			files = (
				A7E5FA1C16FAB4BE00EB9F5D /* InfoPlist.strings in Resources */,
			);
			runOnlyForDeploymentPostprocessing = 0;
		};
/* End PBXResourcesBuildPhase section */

/* Begin PBXShellScriptBuildPhase section */
		A79F365C16F60A4E00417329 /* ShellScript */ = {
			isa = PBXShellScriptBuildPhase;
			buildActionMask = 2147483647;
			files = (
			);
			inputPaths = (
			);
			outputPaths = (
			);
			runOnlyForDeploymentPostprocessing = 0;
			shellPath = /bin/sh;
			shellScript = "# Run the unit tests in this test bundle.\n\"${SYSTEM_DEVELOPER_DIR}/Tools/RunUnitTests\"\n";
		};
		A7E5F9AD16FA362000EB9F5D /* ShellScript */ = {
			isa = PBXShellScriptBuildPhase;
			buildActionMask = 2147483647;
			files = (
			);
			inputPaths = (
			);
			outputPaths = (
			);
			runOnlyForDeploymentPostprocessing = 0;
			shellPath = /bin/sh;
			shellScript = "# Run the unit tests in this test bundle.\n\"${SYSTEM_DEVELOPER_DIR}/Tools/RunUnitTests\"\n";
		};
		A7E5F9C816FA362F00EB9F5D /* ShellScript */ = {
			isa = PBXShellScriptBuildPhase;
			buildActionMask = 2147483647;
			files = (
			);
			inputPaths = (
			);
			outputPaths = (
			);
			runOnlyForDeploymentPostprocessing = 0;
			shellPath = /bin/sh;
			shellScript = "# Run the unit tests in this test bundle.\n\"${SYSTEM_DEVELOPER_DIR}/Tools/RunUnitTests\"\n";
		};
		A7E5FA0F16FAB4BE00EB9F5D /* ShellScript */ = {
			isa = PBXShellScriptBuildPhase;
			buildActionMask = 2147483647;
			files = (
			);
			inputPaths = (
			);
			outputPaths = (
			);
			runOnlyForDeploymentPostprocessing = 0;
			shellPath = /bin/sh;
			shellScript = "# Run the unit tests in this test bundle.\n\"${SYSTEM_DEVELOPER_DIR}/Tools/RunUnitTests\"\n";
		};
		A7E5FA2916FAB50500EB9F5D /* ShellScript */ = {
			isa = PBXShellScriptBuildPhase;
			buildActionMask = 2147483647;
			files = (
			);
			inputPaths = (
			);
			outputPaths = (
			);
			runOnlyForDeploymentPostprocessing = 0;
			shellPath = /bin/sh;
			shellScript = "";
		};
/* End PBXShellScriptBuildPhase section */

/* Begin PBXSourcesBuildPhase section */
		A79F364916F60A4E00417329 /* Sources */ = {
			isa = PBXSourcesBuildPhase;
			buildActionMask = 2147483647;
			files = (
				A79F365816F60A4E00417329 /* ipod.m in Sources */,
			);
			runOnlyForDeploymentPostprocessing = 0;
		};
		A79F365916F60A4E00417329 /* Sources */ = {
			isa = PBXSourcesBuildPhase;
			buildActionMask = 2147483647;
			files = (
				A79F366F16F60A4F00417329 /* ipodTests.m in Sources */,
				A7E5F9E716FA3BCF00EB9F5D /* frameTests.m in Sources */,
			);
			runOnlyForDeploymentPostprocessing = 0;
		};
		A7E5F99D16FA362000EB9F5D /* Sources */ = {
			isa = PBXSourcesBuildPhase;
			buildActionMask = 2147483647;
			files = (
				A7E5F9A916FA362000EB9F5D /* h.m in Sources */,
			);
			runOnlyForDeploymentPostprocessing = 0;
		};
		A7E5F9AA16FA362000EB9F5D /* Sources */ = {
			isa = PBXSourcesBuildPhase;
			buildActionMask = 2147483647;
			files = (
				A7E5F9BE16FA362000EB9F5D /* hTests.m in Sources */,
			);
			runOnlyForDeploymentPostprocessing = 0;
		};
		A7E5F9C516FA362F00EB9F5D /* Sources */ = {
			isa = PBXSourcesBuildPhase;
			buildActionMask = 2147483647;
			files = (
				A7E5F9D616FA362F00EB9F5D /* test.m in Sources */,
			);
			runOnlyForDeploymentPostprocessing = 0;
		};
		A7E5F9F616FAB4BD00EB9F5D /* Sources */ = {
			isa = PBXSourcesBuildPhase;
			buildActionMask = 2147483647;
			files = (
				A7E5FA0B16FAB4BE00EB9F5D /* m.m in Sources */,
			);
			runOnlyForDeploymentPostprocessing = 0;
		};
		A7E5FA0C16FAB4BE00EB9F5D /* Sources */ = {
			isa = PBXSourcesBuildPhase;
			buildActionMask = 2147483647;
			files = (
				A7E5FA1F16FAB4BE00EB9F5D /* mTests.m in Sources */,
			);
			runOnlyForDeploymentPostprocessing = 0;
		};
/* End PBXSourcesBuildPhase section */

/* Begin PBXTargetDependency section */
		A79F366516F60A4E00417329 /* PBXTargetDependency */ = {
			isa = PBXTargetDependency;
			target = A79F364C16F60A4E00417329 /* ipod */;
			targetProxy = A79F366416F60A4E00417329 /* PBXContainerItemProxy */;
		};
		A7E5F9B416FA362000EB9F5D /* PBXTargetDependency */ = {
			isa = PBXTargetDependency;
			target = A7E5F9A016FA362000EB9F5D /* h */;
			targetProxy = A7E5F9B316FA362000EB9F5D /* PBXContainerItemProxy */;
		};
		A7E5FA1516FAB4BE00EB9F5D /* PBXTargetDependency */ = {
			isa = PBXTargetDependency;
			target = A7E5F9FA16FAB4BD00EB9F5D /* m */;
			targetProxy = A7E5FA1416FAB4BE00EB9F5D /* PBXContainerItemProxy */;
		};
/* End PBXTargetDependency section */

/* Begin PBXVariantGroup section */
		A79F366A16F60A4E00417329 /* InfoPlist.strings */ = {
			isa = PBXVariantGroup;
			children = (
				A79F366B16F60A4E00417329 /* en */,
			);
			name = InfoPlist.strings;
			sourceTree = "<group>";
		};
		A7E5F9B916FA362000EB9F5D /* InfoPlist.strings */ = {
			isa = PBXVariantGroup;
			children = (
				A7E5F9BA16FA362000EB9F5D /* en */,
			);
			name = InfoPlist.strings;
			sourceTree = "<group>";
		};
		A7E5F9D116FA362F00EB9F5D /* InfoPlist.strings */ = {
			isa = PBXVariantGroup;
			children = (
				A7E5F9D216FA362F00EB9F5D /* en */,
			);
			name = InfoPlist.strings;
			sourceTree = "<group>";
		};
		A7E5F9E016FA3BCF00EB9F5D /* InfoPlist.strings */ = {
			isa = PBXVariantGroup;
			children = (
				A7E5F9E116FA3BCF00EB9F5D /* en */,
			);
			name = InfoPlist.strings;
			sourceTree = "<group>";
		};
		A7E5FA0516FAB4BE00EB9F5D /* InfoPlist.strings */ = {
			isa = PBXVariantGroup;
			children = (
				A7E5FA0616FAB4BE00EB9F5D /* en */,
			);
			name = InfoPlist.strings;
			sourceTree = "<group>";
		};
		A7E5FA1A16FAB4BE00EB9F5D /* InfoPlist.strings */ = {
			isa = PBXVariantGroup;
			children = (
				A7E5FA1B16FAB4BE00EB9F5D /* en */,
			);
			name = InfoPlist.strings;
			sourceTree = "<group>";
		};
/* End PBXVariantGroup section */

/* Begin XCBuildConfiguration section */
		A79F367016F60A4F00417329 /* Debug */ = {
			isa = XCBuildConfiguration;
			buildSettings = {
				ALWAYS_SEARCH_USER_PATHS = NO;
				CLANG_CXX_LANGUAGE_STANDARD = "gnu++0x";
				CLANG_CXX_LIBRARY = "libc++";
				CLANG_ENABLE_OBJC_ARC = YES;
				CLANG_WARN_CONSTANT_CONVERSION = YES;
				CLANG_WARN_EMPTY_BODY = YES;
				CLANG_WARN_ENUM_CONVERSION = YES;
				CLANG_WARN_INT_CONVERSION = YES;
				CLANG_WARN__DUPLICATE_METHOD_MATCH = YES;
				COPY_PHASE_STRIP = NO;
				GCC_C_LANGUAGE_STANDARD = gnu99;
				GCC_DYNAMIC_NO_PIC = NO;
				GCC_OPTIMIZATION_LEVEL = 0;
				GCC_PREPROCESSOR_DEFINITIONS = (
					"DEBUG=1",
					"$(inherited)",
				);
				GCC_SYMBOLS_PRIVATE_EXTERN = NO;
				GCC_WARN_ABOUT_RETURN_TYPE = YES;
				GCC_WARN_UNINITIALIZED_AUTOS = YES;
				GCC_WARN_UNUSED_VARIABLE = YES;
				IPHONEOS_DEPLOYMENT_TARGET = 6.1;
				ONLY_ACTIVE_ARCH = YES;
				SDKROOT = iphoneos;
			};
			name = Debug;
		};
		A79F367116F60A4F00417329 /* Release */ = {
			isa = XCBuildConfiguration;
			buildSettings = {
				ALWAYS_SEARCH_USER_PATHS = NO;
				CLANG_CXX_LANGUAGE_STANDARD = "gnu++0x";
				CLANG_CXX_LIBRARY = "libc++";
				CLANG_ENABLE_OBJC_ARC = YES;
				CLANG_WARN_CONSTANT_CONVERSION = YES;
				CLANG_WARN_EMPTY_BODY = YES;
				CLANG_WARN_ENUM_CONVERSION = YES;
				CLANG_WARN_INT_CONVERSION = YES;
				CLANG_WARN__DUPLICATE_METHOD_MATCH = YES;
				COPY_PHASE_STRIP = YES;
				GCC_C_LANGUAGE_STANDARD = gnu99;
				GCC_WARN_ABOUT_RETURN_TYPE = YES;
				GCC_WARN_UNINITIALIZED_AUTOS = YES;
				GCC_WARN_UNUSED_VARIABLE = YES;
				IPHONEOS_DEPLOYMENT_TARGET = 6.1;
				SDKROOT = iphoneos;
				VALIDATE_PRODUCT = YES;
			};
			name = Release;
		};
		A79F367316F60A4F00417329 /* Debug */ = {
			isa = XCBuildConfiguration;
			buildSettings = {
				CLANG_ENABLE_OBJC_ARC = YES;
				DSTROOT = /tmp/ipod.dst;
				GCC_PRECOMPILE_PREFIX_HEADER = YES;
				GCC_PREFIX_HEADER = "ipod/ipod-Prefix.pch";
				OTHER_LDFLAGS = "-ObjC";
				PRODUCT_NAME = "$(TARGET_NAME)";
				SKIP_INSTALL = NO;
				TARGETED_DEVICE_FAMILY = "1,2";
			};
			name = Debug;
		};
		A79F367416F60A4F00417329 /* Release */ = {
			isa = XCBuildConfiguration;
			buildSettings = {
				CLANG_ENABLE_OBJC_ARC = YES;
				DSTROOT = /tmp/ipod.dst;
				GCC_PRECOMPILE_PREFIX_HEADER = YES;
				GCC_PREFIX_HEADER = "ipod/ipod-Prefix.pch";
				OTHER_LDFLAGS = "-ObjC";
				PRODUCT_NAME = "$(TARGET_NAME)";
				SKIP_INSTALL = NO;
				TARGETED_DEVICE_FAMILY = "1,2";
			};
			name = Release;
		};
		A79F367616F60A4F00417329 /* Debug */ = {
			isa = XCBuildConfiguration;
			buildSettings = {
				CLANG_ENABLE_OBJC_ARC = YES;
				FRAMEWORK_SEARCH_PATHS = (
					"\"$(SDKROOT)/Developer/Library/Frameworks\"",
					"\"$(DEVELOPER_LIBRARY_DIR)/Frameworks\"",
				);
				GCC_PRECOMPILE_PREFIX_HEADER = YES;
				GCC_PREFIX_HEADER = "ipod/ipod-Prefix.pch";
				INFOPLIST_FILE = "ipodTests/ipodTests-Info.plist";
				PRODUCT_NAME = "$(TARGET_NAME)";
				WRAPPER_EXTENSION = octest;
			};
			name = Debug;
		};
		A79F367716F60A4F00417329 /* Release */ = {
			isa = XCBuildConfiguration;
			buildSettings = {
				CLANG_ENABLE_OBJC_ARC = YES;
				FRAMEWORK_SEARCH_PATHS = (
					"\"$(SDKROOT)/Developer/Library/Frameworks\"",
					"\"$(DEVELOPER_LIBRARY_DIR)/Frameworks\"",
				);
				GCC_PRECOMPILE_PREFIX_HEADER = YES;
				GCC_PREFIX_HEADER = "ipod/ipod-Prefix.pch";
				INFOPLIST_FILE = "ipodTests/ipodTests-Info.plist";
				PRODUCT_NAME = "$(TARGET_NAME)";
				WRAPPER_EXTENSION = octest;
			};
			name = Release;
		};
		A7E5F9C016FA362000EB9F5D /* Debug */ = {
			isa = XCBuildConfiguration;
			buildSettings = {
				DSTROOT = /tmp/h.dst;
				GCC_PRECOMPILE_PREFIX_HEADER = YES;
				GCC_PREFIX_HEADER = "h/h-Prefix.pch";
				OTHER_LDFLAGS = "-ObjC";
				PRODUCT_NAME = "$(TARGET_NAME)";
				SKIP_INSTALL = YES;
			};
			name = Debug;
		};
		A7E5F9C116FA362000EB9F5D /* Release */ = {
			isa = XCBuildConfiguration;
			buildSettings = {
				DSTROOT = /tmp/h.dst;
				GCC_PRECOMPILE_PREFIX_HEADER = YES;
				GCC_PREFIX_HEADER = "h/h-Prefix.pch";
				OTHER_LDFLAGS = "-ObjC";
				PRODUCT_NAME = "$(TARGET_NAME)";
				SKIP_INSTALL = YES;
			};
			name = Release;
		};
		A7E5F9C316FA362000EB9F5D /* Debug */ = {
			isa = XCBuildConfiguration;
			buildSettings = {
				FRAMEWORK_SEARCH_PATHS = (
					"\"$(SDKROOT)/Developer/Library/Frameworks\"",
					"\"$(DEVELOPER_LIBRARY_DIR)/Frameworks\"",
				);
				GCC_PRECOMPILE_PREFIX_HEADER = YES;
				GCC_PREFIX_HEADER = "h/h-Prefix.pch";
				INFOPLIST_FILE = "hTests/hTests-Info.plist";
				PRODUCT_NAME = "$(TARGET_NAME)";
				WRAPPER_EXTENSION = octest;
			};
			name = Debug;
		};
		A7E5F9C416FA362000EB9F5D /* Release */ = {
			isa = XCBuildConfiguration;
			buildSettings = {
				FRAMEWORK_SEARCH_PATHS = (
					"\"$(SDKROOT)/Developer/Library/Frameworks\"",
					"\"$(DEVELOPER_LIBRARY_DIR)/Frameworks\"",
				);
				GCC_PRECOMPILE_PREFIX_HEADER = YES;
				GCC_PREFIX_HEADER = "h/h-Prefix.pch";
				INFOPLIST_FILE = "hTests/hTests-Info.plist";
				PRODUCT_NAME = "$(TARGET_NAME)";
				WRAPPER_EXTENSION = octest;
			};
			name = Release;
		};
		A7E5F9D916FA362F00EB9F5D /* Debug */ = {
			isa = XCBuildConfiguration;
			buildSettings = {
				FRAMEWORK_SEARCH_PATHS = (
					"\"$(SDKROOT)/Developer/Library/Frameworks\"",
					"\"$(DEVELOPER_LIBRARY_DIR)/Frameworks\"",
				);
				GCC_PRECOMPILE_PREFIX_HEADER = YES;
				GCC_PREFIX_HEADER = "test/test-Prefix.pch";
				INFOPLIST_FILE = "test/test-Info.plist";
				PRODUCT_NAME = "$(TARGET_NAME)";
				WRAPPER_EXTENSION = octest;
			};
			name = Debug;
		};
		A7E5F9DA16FA362F00EB9F5D /* Release */ = {
			isa = XCBuildConfiguration;
			buildSettings = {
				FRAMEWORK_SEARCH_PATHS = (
					"\"$(SDKROOT)/Developer/Library/Frameworks\"",
					"\"$(DEVELOPER_LIBRARY_DIR)/Frameworks\"",
				);
				GCC_PRECOMPILE_PREFIX_HEADER = YES;
				GCC_PREFIX_HEADER = "test/test-Prefix.pch";
				INFOPLIST_FILE = "test/test-Info.plist";
				PRODUCT_NAME = "$(TARGET_NAME)";
				WRAPPER_EXTENSION = octest;
			};
			name = Release;
		};
		A7E5F9DD16FA367A00EB9F5D /* Debug */ = {
			isa = XCBuildConfiguration;
			buildSettings = {
				PRODUCT_NAME = "$(TARGET_NAME)";
			};
			name = Debug;
		};
		A7E5F9DE16FA367A00EB9F5D /* Release */ = {
			isa = XCBuildConfiguration;
			buildSettings = {
				PRODUCT_NAME = "$(TARGET_NAME)";
			};
			name = Release;
		};
		A7E5FA2416FAB4BE00EB9F5D /* Debug */ = {
			isa = XCBuildConfiguration;
			buildSettings = {
				ARCHS = "$(ARCHS_STANDARD_64_BIT)";
				COMBINE_HIDPI_IMAGES = YES;
				DYLIB_COMPATIBILITY_VERSION = 1;
				DYLIB_CURRENT_VERSION = 1;
				FRAMEWORK_SEARCH_PATHS = (
					"$(inherited)",
					"\"$(SYSTEM_APPS_DIR)/Xcode.app/Contents/Developer/Library/Frameworks\"",
				);
				FRAMEWORK_VERSION = A;
				GCC_ENABLE_OBJC_EXCEPTIONS = YES;
				GCC_PRECOMPILE_PREFIX_HEADER = YES;
				GCC_PREFIX_HEADER = "m/m-Prefix.pch";
				GCC_WARN_64_TO_32_BIT_CONVERSION = YES;
				INFOPLIST_FILE = "m/m-Info.plist";
				MACOSX_DEPLOYMENT_TARGET = 10.8;
				PRODUCT_NAME = "$(TARGET_NAME)";
				SDKROOT = macosx;
				WRAPPER_EXTENSION = framework;
			};
			name = Debug;
		};
		A7E5FA2516FAB4BE00EB9F5D /* Release */ = {
			isa = XCBuildConfiguration;
			buildSettings = {
				ARCHS = "$(ARCHS_STANDARD_64_BIT)";
				COMBINE_HIDPI_IMAGES = YES;
				DEBUG_INFORMATION_FORMAT = "dwarf-with-dsym";
				DYLIB_COMPATIBILITY_VERSION = 1;
				DYLIB_CURRENT_VERSION = 1;
				FRAMEWORK_SEARCH_PATHS = (
					"$(inherited)",
					"\"$(SYSTEM_APPS_DIR)/Xcode.app/Contents/Developer/Library/Frameworks\"",
				);
				FRAMEWORK_VERSION = A;
				GCC_ENABLE_OBJC_EXCEPTIONS = YES;
				GCC_PRECOMPILE_PREFIX_HEADER = YES;
				GCC_PREFIX_HEADER = "m/m-Prefix.pch";
				GCC_WARN_64_TO_32_BIT_CONVERSION = YES;
				INFOPLIST_FILE = "m/m-Info.plist";
				MACOSX_DEPLOYMENT_TARGET = 10.8;
				PRODUCT_NAME = "$(TARGET_NAME)";
				SDKROOT = macosx;
				WRAPPER_EXTENSION = framework;
			};
			name = Release;
		};
		A7E5FA2716FAB4BE00EB9F5D /* Debug */ = {
			isa = XCBuildConfiguration;
			buildSettings = {
				ARCHS = "$(ARCHS_STANDARD_64_BIT)";
				COMBINE_HIDPI_IMAGES = YES;
				FRAMEWORK_SEARCH_PATHS = "\"$(DEVELOPER_LIBRARY_DIR)/Frameworks\"";
				GCC_ENABLE_OBJC_EXCEPTIONS = YES;
				GCC_PRECOMPILE_PREFIX_HEADER = YES;
				GCC_PREFIX_HEADER = "m/m-Prefix.pch";
				GCC_WARN_64_TO_32_BIT_CONVERSION = YES;
				INFOPLIST_FILE = "mTests/mTests-Info.plist";
				MACOSX_DEPLOYMENT_TARGET = 10.8;
				PRODUCT_NAME = "$(TARGET_NAME)";
				SDKROOT = macosx;
				WRAPPER_EXTENSION = octest;
			};
			name = Debug;
		};
		A7E5FA2816FAB4BE00EB9F5D /* Release */ = {
			isa = XCBuildConfiguration;
			buildSettings = {
				ARCHS = "$(ARCHS_STANDARD_64_BIT)";
				COMBINE_HIDPI_IMAGES = YES;
				DEBUG_INFORMATION_FORMAT = "dwarf-with-dsym";
				FRAMEWORK_SEARCH_PATHS = "\"$(DEVELOPER_LIBRARY_DIR)/Frameworks\"";
				GCC_ENABLE_OBJC_EXCEPTIONS = YES;
				GCC_PRECOMPILE_PREFIX_HEADER = YES;
				GCC_PREFIX_HEADER = "m/m-Prefix.pch";
				GCC_WARN_64_TO_32_BIT_CONVERSION = YES;
				INFOPLIST_FILE = "mTests/mTests-Info.plist";
				MACOSX_DEPLOYMENT_TARGET = 10.8;
				PRODUCT_NAME = "$(TARGET_NAME)";
				SDKROOT = macosx;
				WRAPPER_EXTENSION = octest;
			};
			name = Release;
		};
/* End XCBuildConfiguration section */

/* Begin XCConfigurationList section */
		A79F364816F60A4E00417329 /* Build configuration list for PBXProject "ipod copy" */ = {
			isa = XCConfigurationList;
			buildConfigurations = (
				A79F367016F60A4F00417329 /* Debug */,
				A79F367116F60A4F00417329 /* Release */,
			);
			defaultConfigurationIsVisible = 0;
			defaultConfigurationName = Release;
		};
		A79F367216F60A4F00417329 /* Build configuration list for PBXNativeTarget "ipod" */ = {
			isa = XCConfigurationList;
			buildConfigurations = (
				A79F367316F60A4F00417329 /* Debug */,
				A79F367416F60A4F00417329 /* Release */,
			);
			defaultConfigurationIsVisible = 0;
			defaultConfigurationName = Release;
		};
		A79F367516F60A4F00417329 /* Build configuration list for PBXNativeTarget "ipodTests" */ = {
			isa = XCConfigurationList;
			buildConfigurations = (
				A79F367616F60A4F00417329 /* Debug */,
				A79F367716F60A4F00417329 /* Release */,
			);
			defaultConfigurationIsVisible = 0;
			defaultConfigurationName = Release;
		};
		A7E5F9BF16FA362000EB9F5D /* Build configuration list for PBXNativeTarget "h" */ = {
			isa = XCConfigurationList;
			buildConfigurations = (
				A7E5F9C016FA362000EB9F5D /* Debug */,
				A7E5F9C116FA362000EB9F5D /* Release */,
			);
			defaultConfigurationIsVisible = 0;
			defaultConfigurationName = Release;
		};
		A7E5F9C216FA362000EB9F5D /* Build configuration list for PBXNativeTarget "hTests" */ = {
			isa = XCConfigurationList;
			buildConfigurations = (
				A7E5F9C316FA362000EB9F5D /* Debug */,
				A7E5F9C416FA362000EB9F5D /* Release */,
			);
			defaultConfigurationIsVisible = 0;
			defaultConfigurationName = Release;
		};
		A7E5F9D816FA362F00EB9F5D /* Build configuration list for PBXNativeTarget "test" */ = {
			isa = XCConfigurationList;
			buildConfigurations = (
				A7E5F9D916FA362F00EB9F5D /* Debug */,
				A7E5F9DA16FA362F00EB9F5D /* Release */,
			);
			defaultConfigurationIsVisible = 0;
			defaultConfigurationName = Release;
		};
		A7E5F9DC16FA367A00EB9F5D /* Build configuration list for PBXAggregateTarget "t" */ = {
			isa = XCConfigurationList;
			buildConfigurations = (
				A7E5F9DD16FA367A00EB9F5D /* Debug */,
				A7E5F9DE16FA367A00EB9F5D /* Release */,
			);
			defaultConfigurationIsVisible = 0;
			defaultConfigurationName = Release;
		};
		A7E5FA2316FAB4BE00EB9F5D /* Build configuration list for PBXNativeTarget "m" */ = {
			isa = XCConfigurationList;
			buildConfigurations = (
				A7E5FA2416FAB4BE00EB9F5D /* Debug */,
				A7E5FA2516FAB4BE00EB9F5D /* Release */,
			);
			defaultConfigurationIsVisible = 0;
			defaultConfigurationName = Release;
		};
		A7E5FA2616FAB4BE00EB9F5D /* Build configuration list for PBXNativeTarget "mTests" */ = {
			isa = XCConfigurationList;
			buildConfigurations = (
				A7E5FA2716FAB4BE00EB9F5D /* Debug */,
				A7E5FA2816FAB4BE00EB9F5D /* Release */,
			);
			defaultConfigurationIsVisible = 0;
			defaultConfigurationName = Release;
		};
/* End XCConfigurationList section */
	};
	rootObject = A79F364516F60A4E00417329 /* Project object */;
}
